
Microsoft Visual Studio Solution File, Format Version 12.00
# Visual Studio Version 17
VisualStudioVersion = 17.13.35931.197
MinimumVisualStudioVersion = 10.0.40219.1
Project("{8BC9CEB8-8B4A-11D0-8D11-00A0C91BC942}") = "SandBox", "..\SandBox\SandBox.vcxproj", "{5CD6859F-A0D2-4202-9423-1C173DEBFE4C}"
EndProject
Project("{8BC9CEB8-8B4A-11D0-8D11-00A0C91BC942}") = "BLKSTL", "BLKSTL.vcxproj", "{911DAE15-2AD9-49E1-9ECD-14DDA49CFCEE}"
EndProject
Global
	GlobalSection(SolutionConfigurationPlatforms) = preSolution
		Debug|x64 = Debug|x64
		Release|x64 = Release|x64
	EndGlobalSection
	GlobalSection(ProjectConfigurationPlatforms) = postSolution
		{911DAE15-2AD9-49E1-9ECD-14DDA49CFCEE}.Debug|x64.ActiveCfg = Debug|x64
		{911DAE15-2AD9-49E1-9ECD-14DDA49CFCEE}.Debug|x64.Build.0 = Debug|x64
		{911DAE15-2AD9-49E1-9ECD-14DDA49CFCEE}.Release|x64.ActiveCfg = Release|x64
		{911DAE15-2AD9-49E1-9ECD-14DDA49CFCEE}.Release|x64.Build.0 = Release|x64
		{5CD6859F-A0D2-4202-9423-1C173DEBFE4C}.Debug|x64.ActiveCfg = Debug|x64
		{5CD6859F-A0D2-4202-9423-1C173DEBFE4C}.Debug|x64.Build.0 = Debug|x64
		{5CD6859F-A0D2-4202-9423-1C173DEBFE4C}.Release|x64.ActiveCfg = Release|x64
		{5CD6859F-A0D2-4202-9423-1C173DEBFE4C}.Release|x64.Build.0 = Release|x64
	EndGlobalSection
	GlobalSection(SolutionProperties) = preSolution
		HideSolutionNode = FALSE
	EndGlobalSection
	GlobalSection(ExtensibilityGlobals) = postSolution
		SolutionGuid = {6FAD7364-DD91-4DE7-AD05-14918B352E3B}
	EndGlobalSection
EndGlobal
